
Microsoft Visual Studio Solution File, Format Version 12.00
# Visual Studio Version 16
VisualStudioVersion = 16.0.31702.278
MinimumVisualStudioVersion = 10.0.40219.1
Project("{FAE04EC0-301F-11D3-BF4B-00C04F79EFBC}") = "AcademyI.Week2.Classi", "AcademyI.Week2.Classi\AcademyI.Week2.Classi.csproj", "{DD67D21A-585E-4607-AAD2-3A984A64336F}"
EndProject
Project("{FAE04EC0-301F-11D3-BF4B-00C04F79EFBC}") = "AcademyI.Week2.FigureGeometriche", "AcademyI.Week2.FigureGeometriche\AcademyI.Week2.FigureGeometriche.csproj", "{1D3A75DE-92E4-4D80-924C-A18D2FA236C2}"
EndProject
Project("{FAE04EC0-301F-11D3-BF4B-00C04F79EFBC}") = "AcademyI.Week2.GestioneEsami", "AcademyI.Week2.GestioneEsami\AcademyI.Week2.GestioneEsami.csproj", "{00051D6C-694B-4045-8032-0C46919150E6}"
EndProject
Project("{2150E333-8FDC-42A3-9474-1A3956D46DE8}") = "GestioneEsami", "GestioneEsami", "{4B5F4FBF-6700-4DBC-AA5E-447E5D93F86F}"
EndProject
Project("{FAE04EC0-301F-11D3-BF4B-00C04F79EFBC}") = "AcademyI.Week2.GestioneEsami.Core", "AcademyI.Week2.GestioneEsami.Core\AcademyI.Week2.GestioneEsami.Core.csproj", "{DDF48705-AF71-4458-9F64-6AE80D21F426}"
EndProject
Project("{FAE04EC0-301F-11D3-BF4B-00C04F79EFBC}") = "AcademyI.Week2.GestioneEsami.Mock", "AcademyI.Week2.GestioneEsami.Mock\AcademyI.Week2.GestioneEsami.Mock.csproj", "{F0F21FED-AA5C-4BA4-815D-970BD4A2BC61}"
EndProject
Global
	GlobalSection(SolutionConfigurationPlatforms) = preSolution
		Debug|Any CPU = Debug|Any CPU
		Release|Any CPU = Release|Any CPU
	EndGlobalSection
	GlobalSection(ProjectConfigurationPlatforms) = postSolution
		{DD67D21A-585E-4607-AAD2-3A984A64336F}.Debug|Any CPU.ActiveCfg = Debug|Any CPU
		{DD67D21A-585E-4607-AAD2-3A984A64336F}.Debug|Any CPU.Build.0 = Debug|Any CPU
		{DD67D21A-585E-4607-AAD2-3A984A64336F}.Release|Any CPU.ActiveCfg = Release|Any CPU
		{DD67D21A-585E-4607-AAD2-3A984A64336F}.Release|Any CPU.Build.0 = Release|Any CPU
		{1D3A75DE-92E4-4D80-924C-A18D2FA236C2}.Debug|Any CPU.ActiveCfg = Debug|Any CPU
		{1D3A75DE-92E4-4D80-924C-A18D2FA236C2}.Debug|Any CPU.Build.0 = Debug|Any CPU
		{1D3A75DE-92E4-4D80-924C-A18D2FA236C2}.Release|Any CPU.ActiveCfg = Release|Any CPU
		{1D3A75DE-92E4-4D80-924C-A18D2FA236C2}.Release|Any CPU.Build.0 = Release|Any CPU
		{00051D6C-694B-4045-8032-0C46919150E6}.Debug|Any CPU.ActiveCfg = Debug|Any CPU
		{00051D6C-694B-4045-8032-0C46919150E6}.Debug|Any CPU.Build.0 = Debug|Any CPU
		{00051D6C-694B-4045-8032-0C46919150E6}.Release|Any CPU.ActiveCfg = Release|Any CPU
		{00051D6C-694B-4045-8032-0C46919150E6}.Release|Any CPU.Build.0 = Release|Any CPU
		{DDF48705-AF71-4458-9F64-6AE80D21F426}.Debug|Any CPU.ActiveCfg = Debug|Any CPU
		{DDF48705-AF71-4458-9F64-6AE80D21F426}.Debug|Any CPU.Build.0 = Debug|Any CPU
		{DDF48705-AF71-4458-9F64-6AE80D21F426}.Release|Any CPU.ActiveCfg = Release|Any CPU
		{DDF48705-AF71-4458-9F64-6AE80D21F426}.Release|Any CPU.Build.0 = Release|Any CPU
		{F0F21FED-AA5C-4BA4-815D-970BD4A2BC61}.Debug|Any CPU.ActiveCfg = Debug|Any CPU
		{F0F21FED-AA5C-4BA4-815D-970BD4A2BC61}.Debug|Any CPU.Build.0 = Debug|Any CPU
		{F0F21FED-AA5C-4BA4-815D-970BD4A2BC61}.Release|Any CPU.ActiveCfg = Release|Any CPU
		{F0F21FED-AA5C-4BA4-815D-970BD4A2BC61}.Release|Any CPU.Build.0 = Release|Any CPU
	EndGlobalSection
	GlobalSection(SolutionProperties) = preSolution
		HideSolutionNode = FALSE
	EndGlobalSection
	GlobalSection(NestedProjects) = preSolution
		{00051D6C-694B-4045-8032-0C46919150E6} = {4B5F4FBF-6700-4DBC-AA5E-447E5D93F86F}
		{DDF48705-AF71-4458-9F64-6AE80D21F426} = {4B5F4FBF-6700-4DBC-AA5E-447E5D93F86F}
		{F0F21FED-AA5C-4BA4-815D-970BD4A2BC61} = {4B5F4FBF-6700-4DBC-AA5E-447E5D93F86F}
	EndGlobalSection
	GlobalSection(ExtensibilityGlobals) = postSolution
		SolutionGuid = {72D8AC6F-D67C-46D8-B4B0-72638D7D20E4}
	EndGlobalSection
EndGlobal
